
Microsoft Visual Studio Solution File, Format Version 12.00
# Visual Studio Version 16
VisualStudioVersion = 16.0.30114.105
MinimumVisualStudioVersion = 10.0.40219.1
Project("{9A19103F-16F7-4668-BE54-9A1E7A4F7556}") = "MongoDBConnector", "src\MongoDBConnector.csproj", "{1EA4A478-89D1-4C5C-8FBB-071EA27D447A}"
EndProject
Project("{2150E333-8FDC-42A3-9474-1A3956D46DE8}") = "src", "src", "{16D8D7D8-50BA-4E3E-BE76-B122CC7CE1C4}"
EndProject
Project("{9A19103F-16F7-4668-BE54-9A1E7A4F7556}") = "MongoDBConnectorTests", "tests\MongoDBConnectorTests.csproj", "{3CD14B38-8A2B-4E7E-8D3D-593F8F6C4AFC}"
EndProject
Project("{2150E333-8FDC-42A3-9474-1A3956D46DE8}") = "tests", "tests", "{259D81AD-381F-4B55-AEBA-4B3D968F5479}"
EndProject
Global
	GlobalSection(SolutionConfigurationPlatforms) = preSolution
		Debug|Any CPU = Debug|Any CPU
		Release|Any CPU = Release|Any CPU
	EndGlobalSection
	GlobalSection(ProjectConfigurationPlatforms) = postSolution
		{1EA4A478-89D1-4C5C-8FBB-071EA27D447A}.Debug|Any CPU.ActiveCfg = Debug|Any CPU
		{1EA4A478-89D1-4C5C-8FBB-071EA27D447A}.Debug|Any CPU.Build.0 = Debug|Any CPU
		{1EA4A478-89D1-4C5C-8FBB-071EA27D447A}.Release|Any CPU.ActiveCfg = Release|Any CPU
		{1EA4A478-89D1-4C5C-8FBB-071EA27D447A}.Release|Any CPU.Build.0 = Release|Any CPU
		{3CD14B38-8A2B-4E7E-8D3D-593F8F6C4AFC}.Debug|Any CPU.ActiveCfg = Debug|Any CPU
		{3CD14B38-8A2B-4E7E-8D3D-593F8F6C4AFC}.Debug|Any CPU.Build.0 = Debug|Any CPU
		{3CD14B38-8A2B-4E7E-8D3D-593F8F6C4AFC}.Release|Any CPU.ActiveCfg = Release|Any CPU
		{3CD14B38-8A2B-4E7E-8D3D-593F8F6C4AFC}.Release|Any CPU.Build.0 = Release|Any CPU
	EndGlobalSection
	GlobalSection(SolutionProperties) = preSolution
		HideSolutionNode = FALSE
	EndGlobalSection
	GlobalSection(NestedProjects) = preSolution
		{1EA4A478-89D1-4C5C-8FBB-071EA27D447A} = {16D8D7D8-50BA-4E3E-BE76-B122CC7CE1C4}
		{3CD14B38-8A2B-4E7E-8D3D-593F8F6C4AFC} = {259D81AD-381F-4B55-AEBA-4B3D968F5479}
	EndGlobalSection
	GlobalSection(ExtensibilityGlobals) = postSolution
		SolutionGuid = {B5A51771-BBCD-42F9-87CE-DDC71B3C13CA}
	EndGlobalSection
EndGlobal
